
Microsoft Visual Studio Solution File, Format Version 12.00
# Visual Studio Version 17
VisualStudioVersion = 17.10.34928.147
MinimumVisualStudioVersion = 10.0.40219.1
Project("{FAE04EC0-301F-11D3-BF4B-00C04F79EFBC}") = "The final project 5.6", "The final project 5.6.csproj", "{AB93899E-CEC2-4F09-A2D8-FB6DC77B0D48}"
EndProject
Global
	GlobalSection(SolutionConfigurationPlatforms) = preSolution
		Debug|Any CPU = Debug|Any CPU
		Release|Any CPU = Release|Any CPU
	EndGlobalSection
	GlobalSection(ProjectConfigurationPlatforms) = postSolution
		{AB93899E-CEC2-4F09-A2D8-FB6DC77B0D48}.Debug|Any CPU.ActiveCfg = Debug|Any CPU
		{AB93899E-CEC2-4F09-A2D8-FB6DC77B0D48}.Debug|Any CPU.Build.0 = Debug|Any CPU
		{AB93899E-CEC2-4F09-A2D8-FB6DC77B0D48}.Release|Any CPU.ActiveCfg = Release|Any CPU
		{AB93899E-CEC2-4F09-A2D8-FB6DC77B0D48}.Release|Any CPU.Build.0 = Release|Any CPU
	EndGlobalSection
	GlobalSection(SolutionProperties) = preSolution
		HideSolutionNode = FALSE
	EndGlobalSection
	GlobalSection(ExtensibilityGlobals) = postSolution
		SolutionGuid = {747D8651-F422-4682-9918-F744BEB0595D}
	EndGlobalSection
EndGlobal
